
Microsoft Visual Studio Solution File, Format Version 12.00
# Visual Studio Version 17
VisualStudioVersion = 17.9.34622.214
MinimumVisualStudioVersion = 10.0.40219.1
Project("{FAE04EC0-301F-11D3-BF4B-00C04F79EFBC}") = "WindowsFormsApp1", "WindowsFormsApp1\WindowsFormsApp1.csproj", "{5A22D443-C70C-456A-AE06-12F2873557F1}"
EndProject
Global
	GlobalSection(SolutionConfigurationPlatforms) = preSolution
		Debug|Any CPU = Debug|Any CPU
		Release|Any CPU = Release|Any CPU
	EndGlobalSection
	GlobalSection(ProjectConfigurationPlatforms) = postSolution
		{5A22D443-C70C-456A-AE06-12F2873557F1}.Debug|Any CPU.ActiveCfg = Debug|Any CPU
		{5A22D443-C70C-456A-AE06-12F2873557F1}.Debug|Any CPU.Build.0 = Debug|Any CPU
		{5A22D443-C70C-456A-AE06-12F2873557F1}.Release|Any CPU.ActiveCfg = Release|Any CPU
		{5A22D443-C70C-456A-AE06-12F2873557F1}.Release|Any CPU.Build.0 = Release|Any CPU
	EndGlobalSection
	GlobalSection(SolutionProperties) = preSolution
		HideSolutionNode = FALSE
	EndGlobalSection
	GlobalSection(ExtensibilityGlobals) = postSolution
		SolutionGuid = {EC6AE048-EA5B-49E9-9D0A-C14B48961D95}
	EndGlobalSection
EndGlobal
